Microsoft Visual Studio Solution File, Format Version 12.00
# Visual Studio Version 17
VisualStudioVersion = 17.5.2.0
MinimumVisualStudioVersion = 10.0.40219.1
Project("{FAE04EC0-301F-11D3-BF4B-00C04F79EFBC}") = "SilkSong", "SilkSong.csproj", "{376AB299-EBEC-66F2-AAAF-222DE4FB3742}"
EndProject
Global
	GlobalSection(SolutionConfigurationPlatforms) = preSolution
		Debug-BepInEx|AnyCPU = Debug-BepInEx|AnyCPU
		Debug-MelonLoader|AnyCPU = Debug-MelonLoader|AnyCPU
		Release-BepInEx|AnyCPU = Release-BepInEx|AnyCPU
		Release-MelonLoader|AnyCPU = Release-MelonLoader|AnyCPU
	EndGlobalSection
	GlobalSection(ProjectConfigurationPlatforms) = postSolution
		{376AB299-EBEC-66F2-AAAF-222DE4FB3742}.Debug-BepInEx|AnyCPU.ActiveCfg = Debug-BepInEx|AnyCPU
		{376AB299-EBEC-66F2-AAAF-222DE4FB3742}.Debug-BepInEx|AnyCPU.Build.0 = Debug-BepInEx|AnyCPU
		{376AB299-EBEC-66F2-AAAF-222DE4FB3742}.Debug-MelonLoader|AnyCPU.ActiveCfg = Debug-MelonLoader|AnyCPU
		{376AB299-EBEC-66F2-AAAF-222DE4FB3742}.Debug-MelonLoader|AnyCPU.Build.0 = Debug-MelonLoader|AnyCPU
		{376AB299-EBEC-66F2-AAAF-222DE4FB3742}.Release-BepInEx|AnyCPU.ActiveCfg = Release-BepInEx|AnyCPU
		{376AB299-EBEC-66F2-AAAF-222DE4FB3742}.Release-BepInEx|AnyCPU.Build.0 = Release-BepInEx|AnyCPU
		{376AB299-EBEC-66F2-AAAF-222DE4FB3742}.Release-MelonLoader|AnyCPU.ActiveCfg = Release-MelonLoader|AnyCPU
		{376AB299-EBEC-66F2-AAAF-222DE4FB3742}.Release-MelonLoader|AnyCPU.Build.0 = Release-MelonLoader|AnyCPU
	EndGlobalSection
	GlobalSection(SolutionProperties) = preSolution
		HideSolutionNode = FALSE
	EndGlobalSection
	GlobalSection(ExtensibilityGlobals) = postSolution
		SolutionGuid = {C1623E3E-D981-4D2F-A6CA-A97C0DB82D6C}
	EndGlobalSection
EndGlobal
